
Microsoft Visual Studio Solution File, Format Version 12.00
# Visual Studio Version 17
VisualStudioVersion = 17.5.33502.453
MinimumVisualStudioVersion = 10.0.40219.1
Project("{FAE04EC0-301F-11D3-BF4B-00C04F79EFBC}") = "View_QLHS", "View_QLHS\View_QLHS.csproj", "{9441EB4F-06B7-45F7-A1A8-488351852C8C}"
EndProject
Global
	GlobalSection(SolutionConfigurationPlatforms) = preSolution
		Debug|Any CPU = Debug|Any CPU
		Release|Any CPU = Release|Any CPU
	EndGlobalSection
	GlobalSection(ProjectConfigurationPlatforms) = postSolution
		{9441EB4F-06B7-45F7-A1A8-488351852C8C}.Debug|Any CPU.ActiveCfg = Debug|Any CPU
		{9441EB4F-06B7-45F7-A1A8-488351852C8C}.Debug|Any CPU.Build.0 = Debug|Any CPU
		{9441EB4F-06B7-45F7-A1A8-488351852C8C}.Release|Any CPU.ActiveCfg = Release|Any CPU
		{9441EB4F-06B7-45F7-A1A8-488351852C8C}.Release|Any CPU.Build.0 = Release|Any CPU
	EndGlobalSection
	GlobalSection(SolutionProperties) = preSolution
		HideSolutionNode = FALSE
	EndGlobalSection
	GlobalSection(ExtensibilityGlobals) = postSolution
		SolutionGuid = {FC44A965-B09D-4A00-B7C6-29E8A3BCDBB3}
	EndGlobalSection
EndGlobal
